dependencies:
  espressif/esp-dsp:
    component_hash: ed9ac175b14e0414399a2b33c525579414b5bad19a2a67b12ea212def96f9a98
    dependencies:
    - name: idf
      require: private
      version: '>=4.2'
    source:
      registry_url: https://components.espressif.com/
      type: service
    version: 1.8.2
  espressif/esp_codec_dev:
    component_hash: 8a58569aed3c6e8d858da5419eba4d54ee905d7709cdbe01c42101c1ed0c5319
    dependencies:
    - name: idf
      require: private
      version: '>=4.0'
    source:
      registry_url: https://components.espressif.com/
      type: service
    version: 1.6.1
  idf:
    source:
      type: idf
    version: 5.5.4
direct_dependencies:
- espressif/esp-dsp
- espressif/esp_codec_dev
- idf
manifest_hash: 893bc1bb21aefc55af9b42427776a0778722693c4d2689ef66d12321deb5cc45
target: esp32s3
version: 2.0.0
